
Microsoft Visual Studio Solution File, Format Version 12.00
# Visual Studio Version 17
VisualStudioVersion = 17.5.33516.290
MinimumVisualStudioVersion = 10.0.40219.1
Project("{8BC9CEB8-8B4A-11D0-8D11-00A0C91BC942}") = "WordCount1", "WordCount1\WordCount1.vcxproj", "{FFAA9BEA-DF6A-4218-BCD7-17D752A5E5FF}"
EndProject
Global
	GlobalSection(SolutionConfigurationPlatforms) = preSolution
		Debug|x64 = Debug|x64
		Debug|x86 = Debug|x86
		Release|x64 = Release|x64
		Release|x86 = Release|x86
	EndGlobalSection
	GlobalSection(ProjectConfigurationPlatforms) = postSolution
		{FFAA9BEA-DF6A-4218-BCD7-17D752A5E5FF}.Debug|x64.ActiveCfg = Debug|x64
		{FFAA9BEA-DF6A-4218-BCD7-17D752A5E5FF}.Debug|x64.Build.0 = Debug|x64
		{FFAA9BEA-DF6A-4218-BCD7-17D752A5E5FF}.Debug|x86.ActiveCfg = Debug|Win32
		{FFAA9BEA-DF6A-4218-BCD7-17D752A5E5FF}.Debug|x86.Build.0 = Debug|Win32
		{FFAA9BEA-DF6A-4218-BCD7-17D752A5E5FF}.Release|x64.ActiveCfg = Release|x64
		{FFAA9BEA-DF6A-4218-BCD7-17D752A5E5FF}.Release|x64.Build.0 = Release|x64
		{FFAA9BEA-DF6A-4218-BCD7-17D752A5E5FF}.Release|x86.ActiveCfg = Release|Win32
		{FFAA9BEA-DF6A-4218-BCD7-17D752A5E5FF}.Release|x86.Build.0 = Release|Win32
	EndGlobalSection
	GlobalSection(SolutionProperties) = preSolution
		HideSolutionNode = FALSE
	EndGlobalSection
	GlobalSection(ExtensibilityGlobals) = postSolution
		SolutionGuid = {45AD64E6-FDED-4F53-84EB-B4D9CDBB7240}
	EndGlobalSection
EndGlobal
